
Microsoft Visual Studio Solution File, Format Version 12.00
# Visual Studio Version 17
VisualStudioVersion = 17.1.32228.430
MinimumVisualStudioVersion = 10.0.40219.1
Project("{FAE04EC0-301F-11D3-BF4B-00C04F79EFBC}") = "ServicioEnviaMsgsNuevoCredito", "ServicioCalculaPunitorios\ServicioEnviaMsgsNuevoCredito.csproj", "{CCF323B1-4B5B-4F8F-9FCE-011D86B01AD3}"
EndProject
Global
	GlobalSection(SolutionConfigurationPlatforms) = preSolution
		Debug|Any CPU = Debug|Any CPU
		Release|Any CPU = Release|Any CPU
	EndGlobalSection
	GlobalSection(ProjectConfigurationPlatforms) = postSolution
		{CCF323B1-4B5B-4F8F-9FCE-011D86B01AD3}.Debug|Any CPU.ActiveCfg = Debug|Any CPU
		{CCF323B1-4B5B-4F8F-9FCE-011D86B01AD3}.Debug|Any CPU.Build.0 = Debug|Any CPU
		{CCF323B1-4B5B-4F8F-9FCE-011D86B01AD3}.Release|Any CPU.ActiveCfg = Release|Any CPU
		{CCF323B1-4B5B-4F8F-9FCE-011D86B01AD3}.Release|Any CPU.Build.0 = Release|Any CPU
	EndGlobalSection
	GlobalSection(SolutionProperties) = preSolution
		HideSolutionNode = FALSE
	EndGlobalSection
	GlobalSection(ExtensibilityGlobals) = postSolution
		SolutionGuid = {EDA237D8-C009-4844-A010-607E3F5FDC1F}
	EndGlobalSection
EndGlobal
